
Microsoft Visual Studio Solution File, Format Version 12.00
# Visual Studio 15
VisualStudioVersion = 15.0.28307.489
MinimumVisualStudioVersion = 10.0.40219.1
Project("{9A19103F-16F7-4668-BE54-9A1E7A4F7556}") = "TeslaTizen", "Tesla for Tizen\TeslaTizen.csproj", "{B254B570-B8D1-418E-9F72-B30139D4A098}"
	ProjectSection(ProjectDependencies) = postProject
		{3E2A396C-53B2-4E59-91AB-3F7CF2EC4B9D} = {3E2A396C-53B2-4E59-91AB-3F7CF2EC4B9D}
	EndProjectSection
EndProject
Project("{9A19103F-16F7-4668-BE54-9A1E7A4F7556}") = "Tesla.NET", "..\tesla-net\src\Tesla.NET\Tesla.NET.csproj", "{3E2A396C-53B2-4E59-91AB-3F7CF2EC4B9D}"
EndProject
Global
	GlobalSection(SolutionConfigurationPlatforms) = preSolution
		Debug|Any CPU = Debug|Any CPU
		Release|Any CPU = Release|Any CPU
	EndGlobalSection
	GlobalSection(ProjectConfigurationPlatforms) = postSolution
		{B254B570-B8D1-418E-9F72-B30139D4A098}.Debug|Any CPU.ActiveCfg = Debug|Any CPU
		{B254B570-B8D1-418E-9F72-B30139D4A098}.Debug|Any CPU.Build.0 = Debug|Any CPU
		{B254B570-B8D1-418E-9F72-B30139D4A098}.Release|Any CPU.ActiveCfg = Release|Any CPU
		{B254B570-B8D1-418E-9F72-B30139D4A098}.Release|Any CPU.Build.0 = Release|Any CPU
		{3E2A396C-53B2-4E59-91AB-3F7CF2EC4B9D}.Debug|Any CPU.ActiveCfg = Debug|Any CPU
		{3E2A396C-53B2-4E59-91AB-3F7CF2EC4B9D}.Debug|Any CPU.Build.0 = Debug|Any CPU
		{3E2A396C-53B2-4E59-91AB-3F7CF2EC4B9D}.Release|Any CPU.ActiveCfg = Release|Any CPU
		{3E2A396C-53B2-4E59-91AB-3F7CF2EC4B9D}.Release|Any CPU.Build.0 = Release|Any CPU
	EndGlobalSection
	GlobalSection(SolutionProperties) = preSolution
		HideSolutionNode = FALSE
	EndGlobalSection
	GlobalSection(ExtensibilityGlobals) = postSolution
		SolutionGuid = {6D36E02A-C95B-45E9-9D7C-734A05BDD44A}
	EndGlobalSection
EndGlobal
